// !$*UTF8*$!
{
	archiveVersion = 1;
	classes = {
	};
	objectVersion = 56;
	objects = {

/* Begin PBXBuildFile section */
		782BB29229CA8A83005939E7 /* WelcomeScreenView.swift in Sources */ = {isa = PBXBuildFile; fileRef = 782BB29129CA8A83005939E7 /* WelcomeScreenView.swift */; };
		782BB29429CA8ABE005939E7 /* SignInScreenView.swift in Sources */ = {isa = PBXBuildFile; fileRef = 782BB29329CA8ABE005939E7 /* SignInScreenView.swift */; };
		782BB29629CA8AE9005939E7 /* CopyAndPaste.swift in Sources */ = {isa = PBXBuildFile; fileRef = 782BB29529CA8AE9005939E7 /* CopyAndPaste.swift */; };
		782BB29829CA8B1C005939E7 /* GenerateHighlight.swift in Sources */ = {isa = PBXBuildFile; fileRef = 782BB29729CA8B1C005939E7 /* GenerateHighlight.swift */; };
		782BB29A29CA8B47005939E7 /* Highlight.swift in Sources */ = {isa = PBXBuildFile; fileRef = 782BB29929CA8B47005939E7 /* Highlight.swift */; };
		78AE787229988DED0053BB25 /* iMessageApp.swift in Sources */ = {isa = PBXBuildFile; fileRef = 78AE787129988DED0053BB25 /* iMessageApp.swift */; };
		78AE787429988DED0053BB25 /* ContentView.swift in Sources */ = {isa = PBXBuildFile; fileRef = 78AE787329988DED0053BB25 /* ContentView.swift */; };
		78AE787629988DF50053BB25 /* Assets.xcassets in Resources */ = {isa = PBXBuildFile; fileRef = 78AE787529988DF50053BB25 /* Assets.xcassets */; };
		78AE787929988DF50053BB25 /* Preview Assets.xcassets in Resources */ = {isa = PBXBuildFile; fileRef = 78AE787829988DF50053BB25 /* Preview Assets.xcassets */; };
/* End PBXBuildFile section */

/* Begin PBXFileReference section */
		782BB29129CA8A83005939E7 /* WelcomeScreenView.swift */ = {isa = PBXFileReference; lastKnownFileType = sourcecode.swift; path = WelcomeScreenView.swift; sourceTree = "<group>"; };
		782BB29329CA8ABE005939E7 /* SignInScreenView.swift */ = {isa = PBXFileReference; lastKnownFileType = sourcecode.swift; path = SignInScreenView.swift; sourceTree = "<group>"; };
		782BB29529CA8AE9005939E7 /* CopyAndPaste.swift */ = {isa = PBXFileReference; lastKnownFileType = sourcecode.swift; path = CopyAndPaste.swift; sourceTree = "<group>"; };
		782BB29729CA8B1C005939E7 /* GenerateHighlight.swift */ = {isa = PBXFileReference; lastKnownFileType = sourcecode.swift; path = GenerateHighlight.swift; sourceTree = "<group>"; };
		782BB29929CA8B47005939E7 /* Highlight.swift */ = {isa = PBXFileReference; lastKnownFileType = sourcecode.swift; path = Highlight.swift; sourceTree = "<group>"; };
		78AE786E29988DED0053BB25 /* iMessage.app */ = {isa = PBXFileReference; explicitFileType = wrapper.application; includeInIndex = 0; path = iMessage.app; sourceTree = BUILT_PRODUCTS_DIR; };
		78AE787129988DED0053BB25 /* iMessageApp.swift */ = {isa = PBXFileReference; lastKnownFileType = sourcecode.swift; path = iMessageApp.swift; sourceTree = "<group>"; };
		78AE787329988DED0053BB25 /* ContentView.swift */ = {isa = PBXFileReference; lastKnownFileType = sourcecode.swift; path = ContentView.swift; sourceTree = "<group>"; };
		78AE787529988DF50053BB25 /* Assets.xcassets */ = {isa = PBXFileReference; lastKnownFileType = folder.assetcatalog; path = Assets.xcassets; sourceTree = "<group>"; };
		78AE787829988DF50053BB25 /* Preview Assets.xcassets */ = {isa = PBXFileReference; lastKnownFileType = folder.assetcatalog; path = "Preview Assets.xcassets"; sourceTree = "<group>"; };
/* End PBXFileReference section */

/* Begin PBXFrameworksBuildPhase section */
		78AE786B29988DED0053BB25 /* Frameworks */ = {
			isa = PBXFrameworksBuildPhase;
			buildActionMask = 2147483647;
			files = (
			);
			runOnlyForDeploymentPostprocessing = 0;
		};
/* End PBXFrameworksBuildPhase section */

/* Begin PBXGroup section */
		78AE786529988DED0053BB25 = {
			isa = PBXGroup;
			children = (
				78AE787029988DED0053BB25 /* iMessage */,
				78AE786F29988DED0053BB25 /* Products */,
			);
			sourceTree = "<group>";
		};
		78AE786F29988DED0053BB25 /* Products */ = {
			isa = PBXGroup;
			children = (
				78AE786E29988DED0053BB25 /* iMessage.app */,
			);
			name = Products;
			sourceTree = "<group>";
		};
		78AE787029988DED0053BB25 /* iMessage */ = {
			isa = PBXGroup;
			children = (
				78AE787129988DED0053BB25 /* iMessageApp.swift */,
				78AE787329988DED0053BB25 /* ContentView.swift */,
				782BB29329CA8ABE005939E7 /* SignInScreenView.swift */,
				782BB29529CA8AE9005939E7 /* CopyAndPaste.swift */,
				782BB29729CA8B1C005939E7 /* GenerateHighlight.swift */,
				782BB29929CA8B47005939E7 /* Highlight.swift */,
				782BB29129CA8A83005939E7 /* WelcomeScreenView.swift */,
				78AE787529988DF50053BB25 /* Assets.xcassets */,
				78AE787729988DF50053BB25 /* Preview Content */,
			);
			path = iMessage;
			sourceTree = "<group>";
		};
		78AE787729988DF50053BB25 /* Preview Content */ = {
			isa = PBXGroup;
			children = (
				78AE787829988DF50053BB25 /* Preview Assets.xcassets */,
			);
			path = "Preview Content";
			sourceTree = "<group>";
		};
/* End PBXGroup section */

/* Begin PBXNativeTarget section */
		78AE786D29988DED0053BB25 /* iMessage */ = {
			isa = PBXNativeTarget;
			buildConfigurationList = 78AE787C29988DF50053BB25 /* Build configuration list for PBXNativeTarget "iMessage" */;
			buildPhases = (
				78AE786A29988DED0053BB25 /* Sources */,
				78AE786B29988DED0053BB25 /* Frameworks */,
				78AE786C29988DED0053BB25 /* Resources */,
			);
			buildRules = (
			);
			dependencies = (
			);
			name = iMessage;
			productName = iMessage;
			productReference = 78AE786E29988DED0053BB25 /* iMessage.app */;
			productType = "com.apple.product-type.application";
		};
/* End PBXNativeTarget section */

/* Begin PBXProject section */
		78AE786629988DED0053BB25 /* Project object */ = {
			isa = PBXProject;
			attributes = {
				BuildIndependentTargetsInParallel = 1;
				LastSwiftUpdateCheck = 1420;
				LastUpgradeCheck = 1420;
				TargetAttributes = {
					78AE786D29988DED0053BB25 = {
						CreatedOnToolsVersion = 14.2;
					};
				};
			};
			buildConfigurationList = 78AE786929988DED0053BB25 /* Build configuration list for PBXProject "iMessage" */;
			compatibilityVersion = "Xcode 14.0";
			developmentRegion = en;
			hasScannedForEncodings = 0;
			knownRegions = (
				en,
				Base,
			);
			mainGroup = 78AE786529988DED0053BB25;
			productRefGroup = 78AE786F29988DED0053BB25 /* Products */;
			projectDirPath = "";
			projectRoot = "";
			targets = (
				78AE786D29988DED0053BB25 /* iMessage */,
			);
		};
/* End PBXProject section */

/* Begin PBXResourcesBuildPhase section */
		78AE786C29988DED0053BB25 /* Resources */ = {
			isa = PBXResourcesBuildPhase;
			buildActionMask = 2147483647;
			files = (
				78AE787929988DF50053BB25 /* Preview Assets.xcassets in Resources */,
				78AE787629988DF50053BB25 /* Assets.xcassets in Resources */,
			);
			runOnlyForDeploymentPostprocessing = 0;
		};
/* End PBXResourcesBuildPhase section */

/* Begin PBXSourcesBuildPhase section */
		78AE786A29988DED0053BB25 /* Sources */ = {
			isa = PBXSourcesBuildPhase;
			buildActionMask = 2147483647;
			files = (
				782BB29429CA8ABE005939E7 /* SignInScreenView.swift in Sources */,
				782BB29229CA8A83005939E7 /* WelcomeScreenView.swift in Sources */,
				782BB29A29CA8B47005939E7 /* Highlight.swift in Sources */,
				78AE787429988DED0053BB25 /* ContentView.swift in Sources */,
				782BB29629CA8AE9005939E7 /* CopyAndPaste.swift in Sources */,
				78AE787229988DED0053BB25 /* iMessageApp.swift in Sources */,
				782BB29829CA8B1C005939E7 /* GenerateHighlight.swift in Sources */,
			);
			runOnlyForDeploymentPostprocessing = 0;
		};
/* End PBXSourcesBuildPhase section */

/* Begin XCBuildConfiguration section */
		78AE787A29988DF50053BB25 /* Debug */ = {
			isa = XCBuildConfiguration;
			buildSettings = {
				ALWAYS_SEARCH_USER_PATHS = NO;
				CLANG_ANALYZER_NONNULL = YES;
				CLANG_ANALYZER_NUMBER_OBJECT_CONVERSION = YES_AGGRESSIVE;
				CLANG_CXX_LANGUAGE_STANDARD = "gnu++20";
				CLANG_ENABLE_MODULES = YES;
				CLANG_ENABLE_OBJC_ARC = YES;
				CLANG_ENABLE_OBJC_WEAK = YES;
				CLANG_WARN_BLOCK_CAPTURE_AUTORELEASING = YES;
				CLANG_WARN_BOOL_CONVERSION = YES;
				CLANG_WARN_COMMA = YES;
				CLANG_WARN_CONSTANT_CONVERSION = YES;
				CLANG_WARN_DEPRECATED_OBJC_IMPLEMENTATIONS = YES;
				CLANG_WARN_DIRECT_OBJC_ISA_USAGE = YES_ERROR;
				CLANG_WARN_DOCUMENTATION_COMMENTS = YES;
				CLANG_WARN_EMPTY_BODY = YES;
				CLANG_WARN_ENUM_CONVERSION = YES;
				CLANG_WARN_INFINITE_RECURSION = YES;
				CLANG_WARN_INT_CONVERSION = YES;
				CLANG_WARN_NON_LITERAL_NULL_CONVERSION = YES;
				CLANG_WARN_OBJC_IMPLICIT_RETAIN_SELF = YES;
				CLANG_WARN_OBJC_LITERAL_CONVERSION = YES;
				CLANG_WARN_OBJC_ROOT_CLASS = YES_ERROR;
				CLANG_WARN_QUOTED_INCLUDE_IN_FRAMEWORK_HEADER = YES;
				CLANG_WARN_RANGE_LOOP_ANALYSIS = YES;
				CLANG_WARN_STRICT_PROTOTYPES = YES;
				CLANG_WARN_SUSPICIOUS_MOVE = YES;
				CLANG_WARN_UNGUARDED_AVAILABILITY = YES_AGGRESSIVE;
				CLANG_WARN_UNREACHABLE_CODE = YES;
				CLANG_WARN__DUPLICATE_METHOD_MATCH = YES;
				COPY_PHASE_STRIP = NO;
				DEBUG_INFORMATION_FORMAT = dwarf;
				ENABLE_STRICT_OBJC_MSGSEND = YES;
				ENABLE_TESTABILITY = YES;
				GCC_C_LANGUAGE_STANDARD = gnu11;
				GCC_DYNAMIC_NO_PIC = NO;
				GCC_NO_COMMON_BLOCKS = YES;
				GCC_OPTIMIZATION_LEVEL = 0;
				GCC_PREPROCESSOR_DEFINITIONS = (
					"DEBUG=1",
					"$(inherited)",
				);
				GCC_WARN_64_TO_32_BIT_CONVERSION = YES;
				GCC_WARN_ABOUT_RETURN_TYPE = YES_ERROR;
				GCC_WARN_UNDECLARED_SELECTOR = YES;
				GCC_WARN_UNINITIALIZED_AUTOS = YES_AGGRESSIVE;
				GCC_WARN_UNUSED_FUNCTION = YES;
				GCC_WARN_UNUSED_VARIABLE = YES;
				IPHONEOS_DEPLOYMENT_TARGET = 16.2;
				MTL_ENABLE_DEBUG_INFO = INCLUDE_SOURCE;
				MTL_FAST_MATH = YES;
				ONLY_ACTIVE_ARCH = YES;
				SDKROOT = iphoneos;
				SWIFT_ACTIVE_COMPILATION_CONDITIONS = DEBUG;
				SWIFT_OPTIMIZATION_LEVEL = "-Onone";
			};
			name = Debug;
		};
		78AE787B29988DF50053BB25 /* Release */ = {
			isa = XCBuildConfiguration;
			buildSettings = {
				ALWAYS_SEARCH_USER_PATHS = NO;
				CLANG_ANALYZER_NONNULL = YES;
				CLANG_ANALYZER_NUMBER_OBJECT_CONVERSION = YES_AGGRESSIVE;
				CLANG_CXX_LANGUAGE_STANDARD = "gnu++20";
				CLANG_ENABLE_MODULES = YES;
				CLANG_ENABLE_OBJC_ARC = YES;
				CLANG_ENABLE_OBJC_WEAK = YES;
				CLANG_WARN_BLOCK_CAPTURE_AUTORELEASING = YES;
				CLANG_WARN_BOOL_CONVERSION = YES;
				CLANG_WARN_COMMA = YES;
				CLANG_WARN_CONSTANT_CONVERSION = YES;
				CLANG_WARN_DEPRECATED_OBJC_IMPLEMENTATIONS = YES;
				CLANG_WARN_DIRECT_OBJC_ISA_USAGE = YES_ERROR;
				CLANG_WARN_DOCUMENTATION_COMMENTS = YES;
				CLANG_WARN_EMPTY_BODY = YES;
				CLANG_WARN_ENUM_CONVERSION = YES;
				CLANG_WARN_INFINITE_RECURSION = YES;
				CLANG_WARN_INT_CONVERSION = YES;
				CLANG_WARN_NON_LITERAL_NULL_CONVERSION = YES;
				CLANG_WARN_OBJC_IMPLICIT_RETAIN_SELF = YES;
				CLANG_WARN_OBJC_LITERAL_CONVERSION = YES;
				CLANG_WARN_OBJC_ROOT_CLASS = YES_ERROR;
				CLANG_WARN_QUOTED_INCLUDE_IN_FRAMEWORK_HEADER = YES;
				CLANG_WARN_RANGE_LOOP_ANALYSIS = YES;
				CLANG_WARN_STRICT_PROTOTYPES = YES;
				CLANG_WARN_SUSPICIOUS_MOVE = YES;
				CLANG_WARN_UNGUARDED_AVAILABILITY = YES_AGGRESSIVE;
				CLANG_WARN_UNREACHABLE_CODE = YES;
				CLANG_WARN__DUPLICATE_METHOD_MATCH = YES;
				COPY_PHASE_STRIP = NO;
				DEBUG_INFORMATION_FORMAT = "dwarf-with-dsym";
				ENABLE_NS_ASSERTIONS = NO;
				ENABLE_STRICT_OBJC_MSGSEND = YES;
				GCC_C_LANGUAGE_STANDARD = gnu11;
				GCC_NO_COMMON_BLOCKS = YES;
				GCC_WARN_64_TO_32_BIT_CONVERSION = YES;
				GCC_WARN_ABOUT_RETURN_TYPE = YES_ERROR;
				GCC_WARN_UNDECLARED_SELECTOR = YES;
				GCC_WARN_UNINITIALIZED_AUTOS = YES_AGGRESSIVE;
				GCC_WARN_UNUSED_FUNCTION = YES;
				GCC_WARN_UNUSED_VARIABLE = YES;
				IPHONEOS_DEPLOYMENT_TARGET = 16.2;
				MTL_ENABLE_DEBUG_INFO = NO;
				MTL_FAST_MATH = YES;
				SDKROOT = iphoneos;
				SWIFT_COMPILATION_MODE = wholemodule;
				SWIFT_OPTIMIZATION_LEVEL = "-O";
				VALIDATE_PRODUCT = YES;
			};
			name = Release;
		};
		78AE787D29988DF50053BB25 /* Debug */ = {
			isa = XCBuildConfiguration;
			buildSettings = {
				ASSETCATALOG_COMPILER_APPICON_NAME = AppIcon;
				ASSETCATALOG_COMPILER_GLOBAL_ACCENT_COLOR_NAME = AccentColor;
				CODE_SIGN_STYLE = Automatic;
				CURRENT_PROJECT_VERSION = 1;
				DEVELOPMENT_ASSET_PATHS = "\"iMessage/Preview Content\"";
				ENABLE_PREVIEWS = YES;
				GENERATE_INFOPLIST_FILE = YES;
				INFOPLIST_KEY_UIApplicationSceneManifest_Generation = YES;
				INFOPLIST_KEY_UIApplicationSupportsIndirectInputEvents = YES;
				INFOPLIST_KEY_UILaunchScreen_Generation = YES;
				INFOPLIST_KEY_UISupportedInterfaceOrientations_iPad = "UIInterfaceOrientationPortrait UIInterfaceOrientationPortraitUpsideDown UIInterfaceOrientationLandscapeLeft UIInterfaceOrientationLandscapeRight";
				INFOPLIST_KEY_UISupportedInterfaceOrientations_iPhone = "UIInterfaceOrientationPortrait UIInterfaceOrientationLandscapeLeft UIInterfaceOrientationLandscapeRight";
				LD_RUNPATH_SEARCH_PATHS = (
					"$(inherited)",
					"@executable_path/Frameworks",
				);
				MARKETING_VERSION = 1.0;
				PRODUCT_BUNDLE_IDENTIFIER = Group15.iMessage;
				PRODUCT_NAME = "$(TARGET_NAME)";
				SWIFT_EMIT_LOC_STRINGS = YES;
				SWIFT_VERSION = 5.0;
				TARGETED_DEVICE_FAMILY = "1,2";
			};
			name = Debug;
		};
		78AE787E29988DF50053BB25 /* Release */ = {
			isa = XCBuildConfiguration;
			buildSettings = {
				ASSETCATALOG_COMPILER_APPICON_NAME = AppIcon;
				ASSETCATALOG_COMPILER_GLOBAL_ACCENT_COLOR_NAME = AccentColor;
				CODE_SIGN_STYLE = Automatic;
				CURRENT_PROJECT_VERSION = 1;
				DEVELOPMENT_ASSET_PATHS = "\"iMessage/Preview Content\"";
				ENABLE_PREVIEWS = YES;
				GENERATE_INFOPLIST_FILE = YES;
				INFOPLIST_KEY_UIApplicationSceneManifest_Generation = YES;
				INFOPLIST_KEY_UIApplicationSupportsIndirectInputEvents = YES;
				INFOPLIST_KEY_UILaunchScreen_Generation = YES;
				INFOPLIST_KEY_UISupportedInterfaceOrientations_iPad = "UIInterfaceOrientationPortrait UIInterfaceOrientationPortraitUpsideDown UIInterfaceOrientationLandscapeLeft UIInterfaceOrientationLandscapeRight";
				INFOPLIST_KEY_UISupportedInterfaceOrientations_iPhone = "UIInterfaceOrientationPortrait UIInterfaceOrientationLandscapeLeft UIInterfaceOrientationLandscapeRight";
				LD_RUNPATH_SEARCH_PATHS = (
					"$(inherited)",
					"@executable_path/Frameworks",
				);
				MARKETING_VERSION = 1.0;
				PRODUCT_BUNDLE_IDENTIFIER = Group15.iMessage;
				PRODUCT_NAME = "$(TARGET_NAME)";
				SWIFT_EMIT_LOC_STRINGS = YES;
				SWIFT_VERSION = 5.0;
				TARGETED_DEVICE_FAMILY = "1,2";
			};
			name = Release;
		};
/* End XCBuildConfiguration section */

/* Begin XCConfigurationList section */
		78AE786929988DED0053BB25 /* Build configuration list for PBXProject "iMessage" */ = {
			isa = XCConfigurationList;
			buildConfigurations = (
				78AE787A29988DF50053BB25 /* Debug */,
				78AE787B29988DF50053BB25 /* Release */,
			);
			defaultConfigurationIsVisible = 0;
			defaultConfigurationName = Release;
		};
		78AE787C29988DF50053BB25 /* Build configuration list for PBXNativeTarget "iMessage" */ = {
			isa = XCConfigurationList;
			buildConfigurations = (
				78AE787D29988DF50053BB25 /* Debug */,
				78AE787E29988DF50053BB25 /* Release */,
			);
			defaultConfigurationIsVisible = 0;
			defaultConfigurationName = Release;
		};
/* End XCConfigurationList section */
	};
	rootObject = 78AE786629988DED0053BB25 /* Project object */;
}
